// !$*UTF8*$!
{
	archiveVersion = 1;
	classes = {
	};
	objectVersion = 46;
	objects = {

/* Begin PBXBuildFile section */
		B223D5671D967C3C00D6F12F /* Config.swift in Sources */ = {isa = PBXBuildFile; fileRef = B223D5601D967C3C00D6F12F /* Config.swift */; };
		B223D5691D967C3C00D6F12F /* MapsViewController.swift in Sources */ = {isa = PBXBuildFile; fileRef = B223D5621D967C3C00D6F12F /* MapsViewController.swift */; };
		B223D56A1D967C3C00D6F12F /* NewsViewController.swift in Sources */ = {isa = PBXBuildFile; fileRef = B223D5631D967C3C00D6F12F /* NewsViewController.swift */; };
		B223D56B1D967C3C00D6F12F /* ScheduleViewController.swift in Sources */ = {isa = PBXBuildFile; fileRef = B223D5641D967C3C00D6F12F /* ScheduleViewController.swift */; };
		B223D56C1D967C3C00D6F12F /* UIColor+CFA.swift in Sources */ = {isa = PBXBuildFile; fileRef = B223D5651D967C3C00D6F12F /* UIColor+CFA.swift */; };
		B223D56D1D967C3C00D6F12F /* VideosViewController.swift in Sources */ = {isa = PBXBuildFile; fileRef = B223D5661D967C3C00D6F12F /* VideosViewController.swift */; };
		B226006D1D967849004CC331 /* Default-568h@2x.png in Resources */ = {isa = PBXBuildFile; fileRef = B226006C1D967849004CC331 /* Default-568h@2x.png */; };
		B261E47A1EB080850053DF64 /* Video.swift in Sources */ = {isa = PBXBuildFile; fileRef = B261E4791EB080850053DF64 /* Video.swift */; };
		B26E166B1D8BA3E8001FE248 /* AppDelegate.swift in Sources */ = {isa = PBXBuildFile; fileRef = B26E166A1D8BA3E8001FE248 /* AppDelegate.swift */; };
		B26E16721D8BA3E8001FE248 /* Main.storyboard in Resources */ = {isa = PBXBuildFile; fileRef = B26E16701D8BA3E8001FE248 /* Main.storyboard */; };
		B26E16741D8BA3E8001FE248 /* Assets.xcassets in Resources */ = {isa = PBXBuildFile; fileRef = B26E16731D8BA3E8001FE248 /* Assets.xcassets */; };
		B26E16771D8BA3E8001FE248 /* LaunchScreen.storyboard in Resources */ = {isa = PBXBuildFile; fileRef = B26E16751D8BA3E8001FE248 /* LaunchScreen.storyboard */; };
		B2F8A0761D96833F00FB4C16 /* APIService.swift in Sources */ = {isa = PBXBuildFile; fileRef = B2F8A0751D96833F00FB4C16 /* APIService.swift */; };
		B2F8A07E1D96A51400FB4C16 /* Schedule.swift in Sources */ = {isa = PBXBuildFile; fileRef = B2F8A07D1D96A51400FB4C16 /* Schedule.swift */; };
		B2F8A0811D96A78C00FB4C16 /* Date+CFA.swift in Sources */ = {isa = PBXBuildFile; fileRef = B2F8A0801D96A78C00FB4C16 /* Date+CFA.swift */; };
		B2F8A0841D96A99200FB4C16 /* String+CFA.swift in Sources */ = {isa = PBXBuildFile; fileRef = B2F8A0831D96A99200FB4C16 /* String+CFA.swift */; };
		B2F8A0871D96BEB800FB4C16 /* New.swift in Sources */ = {isa = PBXBuildFile; fileRef = B2F8A0861D96BEB800FB4C16 /* New.swift */; };
		B2F8A08A1D96D1AF00FB4C16 /* SetupViewController.swift in Sources */ = {isa = PBXBuildFile; fileRef = B2F8A0891D96D1AF00FB4C16 /* SetupViewController.swift */; };
		B2F8A08D1D96D90D00FB4C16 /* Control.swift in Sources */ = {isa = PBXBuildFile; fileRef = B2F8A08C1D96D90D00FB4C16 /* Control.swift */; };
/* End PBXBuildFile section */

/* Begin PBXFileReference section */
		B223D5601D967C3C00D6F12F /* Config.swift */ = {isa = PBXFileReference; fileEncoding = 4; lastKnownFileType = sourcecode.swift; path = Config.swift; sourceTree = "<group>"; };
		B223D5611D967C3C00D6F12F /* Info.plist */ = {isa = PBXFileReference; fileEncoding = 4; lastKnownFileType = text.plist.xml; path = Info.plist; sourceTree = "<group>"; };
		B223D5621D967C3C00D6F12F /* MapsViewController.swift */ = {isa = PBXFileReference; fileEncoding = 4; lastKnownFileType = sourcecode.swift; path = MapsViewController.swift; sourceTree = "<group>"; };
		B223D5631D967C3C00D6F12F /* NewsViewController.swift */ = {isa = PBXFileReference; fileEncoding = 4; lastKnownFileType = sourcecode.swift; path = NewsViewController.swift; sourceTree = "<group>"; };
		B223D5641D967C3C00D6F12F /* ScheduleViewController.swift */ = {isa = PBXFileReference; fileEncoding = 4; lastKnownFileType = sourcecode.swift; path = ScheduleViewController.swift; sourceTree = "<group>"; };
		B223D5651D967C3C00D6F12F /* UIColor+CFA.swift */ = {isa = PBXFileReference; fileEncoding = 4; lastKnownFileType = sourcecode.swift; path = "UIColor+CFA.swift"; sourceTree = "<group>"; };
		B223D5661D967C3C00D6F12F /* VideosViewController.swift */ = {isa = PBXFileReference; fileEncoding = 4; lastKnownFileType = sourcecode.swift; path = VideosViewController.swift; sourceTree = "<group>"; };
		B226006C1D967849004CC331 /* Default-568h@2x.png */ = {isa = PBXFileReference; lastKnownFileType = image.png; path = "Default-568h@2x.png"; sourceTree = "<group>"; };
		B261E4791EB080850053DF64 /* Video.swift */ = {isa = PBXFileReference; fileEncoding = 4; lastKnownFileType = sourcecode.swift; path = Video.swift; sourceTree = "<group>"; };
		B26E16671D8BA3E8001FE248 /* CFA.app */ = {isa = PBXFileReference; explicitFileType = wrapper.application; includeInIndex = 0; path = CFA.app; sourceTree = BUILT_PRODUCTS_DIR; };
		B26E166A1D8BA3E8001FE248 /* AppDelegate.swift */ = {isa = PBXFileReference; lastKnownFileType = sourcecode.swift; path = AppDelegate.swift; sourceTree = "<group>"; };
		B26E16711D8BA3E8001FE248 /* Base */ = {isa = PBXFileReference; lastKnownFileType = file.storyboard; name = Base; path = Base.lproj/Main.storyboard; sourceTree = "<group>"; };
		B26E16731D8BA3E8001FE248 /* Assets.xcassets */ = {isa = PBXFileReference; lastKnownFileType = folder.assetcatalog; path = Assets.xcassets; sourceTree = "<group>"; };
		B26E16761D8BA3E8001FE248 /* Base */ = {isa = PBXFileReference; lastKnownFileType = file.storyboard; name = Base; path = Base.lproj/LaunchScreen.storyboard; sourceTree = "<group>"; };
		B26E16811D8BA3E8001FE248 /* CFATests.swift */ = {isa = PBXFileReference; lastKnownFileType = sourcecode.swift; path = CFATests.swift; sourceTree = "<group>"; };
		B26E16831D8BA3E8001FE248 /* Info.plist */ = {isa = PBXFileReference; lastKnownFileType = text.plist.xml; path = Info.plist; sourceTree = "<group>"; };
		B26E168C1D8BA3E8001FE248 /* CFAUITests.swift */ = {isa = PBXFileReference; lastKnownFileType = sourcecode.swift; path = CFAUITests.swift; sourceTree = "<group>"; };
		B26E168E1D8BA3E8001FE248 /* Info.plist */ = {isa = PBXFileReference; lastKnownFileType = text.plist.xml; path = Info.plist; sourceTree = "<group>"; };
		B2F8A0751D96833F00FB4C16 /* APIService.swift */ = {isa = PBXFileReference; fileEncoding = 4; lastKnownFileType = sourcecode.swift; path = APIService.swift; sourceTree = "<group>"; };
		B2F8A07D1D96A51400FB4C16 /* Schedule.swift */ = {isa = PBXFileReference; fileEncoding = 4; lastKnownFileType = sourcecode.swift; path = Schedule.swift; sourceTree = "<group>"; };
		B2F8A0801D96A78C00FB4C16 /* Date+CFA.swift */ = {isa = PBXFileReference; fileEncoding = 4; lastKnownFileType = sourcecode.swift; path = "Date+CFA.swift"; sourceTree = "<group>"; };
		B2F8A0831D96A99200FB4C16 /* String+CFA.swift */ = {isa = PBXFileReference; fileEncoding = 4; lastKnownFileType = sourcecode.swift; path = "String+CFA.swift"; sourceTree = "<group>"; };
		B2F8A0861D96BEB800FB4C16 /* New.swift */ = {isa = PBXFileReference; fileEncoding = 4; lastKnownFileType = sourcecode.swift; path = New.swift; sourceTree = "<group>"; };
		B2F8A0891D96D1AF00FB4C16 /* SetupViewController.swift */ = {isa = PBXFileReference; fileEncoding = 4; lastKnownFileType = sourcecode.swift; path = SetupViewController.swift; sourceTree = "<group>"; };
		B2F8A08C1D96D90D00FB4C16 /* Control.swift */ = {isa = PBXFileReference; fileEncoding = 4; lastKnownFileType = sourcecode.swift; path = Control.swift; sourceTree = "<group>"; };
/* End PBXFileReference section */

/* Begin PBXFrameworksBuildPhase section */
		B26E16641D8BA3E8001FE248 /* Frameworks */ = {
			isa = PBXFrameworksBuildPhase;
			buildActionMask = 2147483647;
			files = (
			);
			runOnlyForDeploymentPostprocessing = 0;
		};
/* End PBXFrameworksBuildPhase section */

/* Begin PBXGroup section */
		B26E165E1D8BA3E8001FE248 = {
			isa = PBXGroup;
			children = (
				B226006C1D967849004CC331 /* Default-568h@2x.png */,
				B26E16691D8BA3E8001FE248 /* CFA */,
				B26E16801D8BA3E8001FE248 /* CFATests */,
				B26E168B1D8BA3E8001FE248 /* CFAUITests */,
				B26E16681D8BA3E8001FE248 /* Products */,
			);
			sourceTree = "<group>";
		};
		B26E16681D8BA3E8001FE248 /* Products */ = {
			isa = PBXGroup;
			children = (
				B26E16671D8BA3E8001FE248 /* CFA.app */,
			);
			name = Products;
			sourceTree = "<group>";
		};
		B26E16691D8BA3E8001FE248 /* CFA */ = {
			isa = PBXGroup;
			children = (
				B2F8A07C1D96A48E00FB4C16 /* Models */,
				B2F8A07B1D96A42400FB4C16 /* Resources */,
				B2F8A07A1D96A40E00FB4C16 /* Services */,
				B2F8A0791D96A3FC00FB4C16 /* Extensions */,
				B2F8A0781D96A3E800FB4C16 /* ViewControllers */,
				B26E166A1D8BA3E8001FE248 /* AppDelegate.swift */,
				B26E16701D8BA3E8001FE248 /* Main.storyboard */,
				B26E16731D8BA3E8001FE248 /* Assets.xcassets */,
				B26E16751D8BA3E8001FE248 /* LaunchScreen.storyboard */,
			);
			path = CFA;
			sourceTree = "<group>";
		};
		B26E16801D8BA3E8001FE248 /* CFATests */ = {
			isa = PBXGroup;
			children = (
				B26E16811D8BA3E8001FE248 /* CFATests.swift */,
				B26E16831D8BA3E8001FE248 /* Info.plist */,
			);
			path = CFATests;
			sourceTree = "<group>";
		};
		B26E168B1D8BA3E8001FE248 /* CFAUITests */ = {
			isa = PBXGroup;
			children = (
				B26E168C1D8BA3E8001FE248 /* CFAUITests.swift */,
				B26E168E1D8BA3E8001FE248 /* Info.plist */,
			);
			path = CFAUITests;
			sourceTree = "<group>";
		};
		B2F8A0781D96A3E800FB4C16 /* ViewControllers */ = {
			isa = PBXGroup;
			children = (
				B223D5621D967C3C00D6F12F /* MapsViewController.swift */,
				B223D5631D967C3C00D6F12F /* NewsViewController.swift */,
				B223D5641D967C3C00D6F12F /* ScheduleViewController.swift */,
				B223D5661D967C3C00D6F12F /* VideosViewController.swift */,
				B2F8A0891D96D1AF00FB4C16 /* SetupViewController.swift */,
			);
			name = ViewControllers;
			sourceTree = "<group>";
		};
		B2F8A0791D96A3FC00FB4C16 /* Extensions */ = {
			isa = PBXGroup;
			children = (
				B223D5651D967C3C00D6F12F /* UIColor+CFA.swift */,
				B2F8A0801D96A78C00FB4C16 /* Date+CFA.swift */,
				B2F8A0831D96A99200FB4C16 /* String+CFA.swift */,
			);
			name = Extensions;
			sourceTree = "<group>";
		};
		B2F8A07A1D96A40E00FB4C16 /* Services */ = {
			isa = PBXGroup;
			children = (
				B2F8A0751D96833F00FB4C16 /* APIService.swift */,
			);
			name = Services;
			sourceTree = "<group>";
		};
		B2F8A07B1D96A42400FB4C16 /* Resources */ = {
			isa = PBXGroup;
			children = (
				B223D5601D967C3C00D6F12F /* Config.swift */,
				B223D5611D967C3C00D6F12F /* Info.plist */,
				B2F8A08C1D96D90D00FB4C16 /* Control.swift */,
			);
			name = Resources;
			sourceTree = "<group>";
		};
		B2F8A07C1D96A48E00FB4C16 /* Models */ = {
			isa = PBXGroup;
			children = (
				B2F8A07D1D96A51400FB4C16 /* Schedule.swift */,
				B2F8A0861D96BEB800FB4C16 /* New.swift */,
				B261E4791EB080850053DF64 /* Video.swift */,
			);
			name = Models;
			sourceTree = "<group>";
		};
/* End PBXGroup section */

/* Begin PBXNativeTarget section */
		B26E16661D8BA3E8001FE248 /* CFA */ = {
			isa = PBXNativeTarget;
			buildConfigurationList = B26E16911D8BA3E8001FE248 /* Build configuration list for PBXNativeTarget "CFA" */;
			buildPhases = (
				B26E16631D8BA3E8001FE248 /* Sources */,
				B26E16641D8BA3E8001FE248 /* Frameworks */,
				B26E16651D8BA3E8001FE248 /* Resources */,
			);
			buildRules = (
			);
			dependencies = (
			);
			name = CFA;
			productName = CFA;
			productReference = B26E16671D8BA3E8001FE248 /* CFA.app */;
			productType = "com.apple.product-type.application";
		};
/* End PBXNativeTarget section */

/* Begin PBXProject section */
		B26E165F1D8BA3E8001FE248 /* Project object */ = {
			isa = PBXProject;
			attributes = {
				LastSwiftUpdateCheck = 0800;
				LastUpgradeCheck = 0830;
				ORGANIZATIONNAME = "Johnny Gu";
				TargetAttributes = {
					B26E16661D8BA3E8001FE248 = {
						CreatedOnToolsVersion = 8.0;
						DevelopmentTeam = CD75Y82V4U;
						ProvisioningStyle = Automatic;
					};
				};
			};
			buildConfigurationList = B26E16621D8BA3E8001FE248 /* Build configuration list for PBXProject "CFA" */;
			compatibilityVersion = "Xcode 3.2";
			developmentRegion = English;
			hasScannedForEncodings = 0;
			knownRegions = (
				en,
				Base,
			);
			mainGroup = B26E165E1D8BA3E8001FE248;
			productRefGroup = B26E16681D8BA3E8001FE248 /* Products */;
			projectDirPath = "";
			projectRoot = "";
			targets = (
				B26E16661D8BA3E8001FE248 /* CFA */,
			);
		};
/* End PBXProject section */

/* Begin PBXResourcesBuildPhase section */
		B26E16651D8BA3E8001FE248 /* Resources */ = {
			isa = PBXResourcesBuildPhase;
			buildActionMask = 2147483647;
			files = (
				B226006D1D967849004CC331 /* Default-568h@2x.png in Resources */,
				B26E16771D8BA3E8001FE248 /* LaunchScreen.storyboard in Resources */,
				B26E16741D8BA3E8001FE248 /* Assets.xcassets in Resources */,
				B26E16721D8BA3E8001FE248 /* Main.storyboard in Resources */,
			);
			runOnlyForDeploymentPostprocessing = 0;
		};
/* End PBXResourcesBuildPhase section */

/* Begin PBXSourcesBuildPhase section */
		B26E16631D8BA3E8001FE248 /* Sources */ = {
			isa = PBXSourcesBuildPhase;
			buildActionMask = 2147483647;
			files = (
				B223D56C1D967C3C00D6F12F /* UIColor+CFA.swift in Sources */,
				B223D56B1D967C3C00D6F12F /* ScheduleViewController.swift in Sources */,
				B223D5691D967C3C00D6F12F /* MapsViewController.swift in Sources */,
				B2F8A07E1D96A51400FB4C16 /* Schedule.swift in Sources */,
				B261E47A1EB080850053DF64 /* Video.swift in Sources */,
				B2F8A0871D96BEB800FB4C16 /* New.swift in Sources */,
				B223D56D1D967C3C00D6F12F /* VideosViewController.swift in Sources */,
				B26E166B1D8BA3E8001FE248 /* AppDelegate.swift in Sources */,
				B223D5671D967C3C00D6F12F /* Config.swift in Sources */,
				B2F8A0761D96833F00FB4C16 /* APIService.swift in Sources */,
				B2F8A08D1D96D90D00FB4C16 /* Control.swift in Sources */,
				B2F8A0841D96A99200FB4C16 /* String+CFA.swift in Sources */,
				B2F8A0811D96A78C00FB4C16 /* Date+CFA.swift in Sources */,
				B2F8A08A1D96D1AF00FB4C16 /* SetupViewController.swift in Sources */,
				B223D56A1D967C3C00D6F12F /* NewsViewController.swift in Sources */,
			);
			runOnlyForDeploymentPostprocessing = 0;
		};
/* End PBXSourcesBuildPhase section */

/* Begin PBXVariantGroup section */
		B26E16701D8BA3E8001FE248 /* Main.storyboard */ = {
			isa = PBXVariantGroup;
			children = (
				B26E16711D8BA3E8001FE248 /* Base */,
			);
			name = Main.storyboard;
			sourceTree = "<group>";
		};
		B26E16751D8BA3E8001FE248 /* LaunchScreen.storyboard */ = {
			isa = PBXVariantGroup;
			children = (
				B26E16761D8BA3E8001FE248 /* Base */,
			);
			name = LaunchScreen.storyboard;
			sourceTree = "<group>";
		};
/* End PBXVariantGroup section */

/* Begin XCBuildConfiguration section */
		B26E168F1D8BA3E8001FE248 /* Debug */ = {
			isa = XCBuildConfiguration;
			buildSettings = {
				ALWAYS_SEARCH_USER_PATHS = NO;
				CLANG_ANALYZER_NONNULL = YES;
				CLANG_CXX_LANGUAGE_STANDARD = "gnu++0x";
				CLANG_CXX_LIBRARY = "libc++";
				CLANG_ENABLE_MODULES = YES;
				CLANG_ENABLE_OBJC_ARC = YES;
				CLANG_WARN_BOOL_CONVERSION = YES;
				CLANG_WARN_CONSTANT_CONVERSION = YES;
				CLANG_WARN_DIRECT_OBJC_ISA_USAGE = YES_ERROR;
				CLANG_WARN_DOCUMENTATION_COMMENTS = YES;
				CLANG_WARN_EMPTY_BODY = YES;
				CLANG_WARN_ENUM_CONVERSION = YES;
				CLANG_WARN_INFINITE_RECURSION = YES;
				CLANG_WARN_INT_CONVERSION = YES;
				CLANG_WARN_OBJC_ROOT_CLASS = YES_ERROR;
				CLANG_WARN_SUSPICIOUS_MOVE = YES;
				CLANG_WARN_SUSPICIOUS_MOVES = YES;
				CLANG_WARN_UNREACHABLE_CODE = YES;
				CLANG_WARN__DUPLICATE_METHOD_MATCH = YES;
				"CODE_SIGN_IDENTITY[sdk=iphoneos*]" = "iPhone Developer";
				COPY_PHASE_STRIP = NO;
				DEBUG_INFORMATION_FORMAT = dwarf;
				ENABLE_STRICT_OBJC_MSGSEND = YES;
				ENABLE_TESTABILITY = YES;
				GCC_C_LANGUAGE_STANDARD = gnu99;
				GCC_DYNAMIC_NO_PIC = NO;
				GCC_NO_COMMON_BLOCKS = YES;
				GCC_OPTIMIZATION_LEVEL = 0;
				GCC_PREPROCESSOR_DEFINITIONS = (
					"DEBUG=1",
					"$(inherited)",
				);
				GCC_WARN_64_TO_32_BIT_CONVERSION = YES;
				GCC_WARN_ABOUT_RETURN_TYPE = YES_ERROR;
				GCC_WARN_UNDECLARED_SELECTOR = YES;
				GCC_WARN_UNINITIALIZED_AUTOS = YES_AGGRESSIVE;
				GCC_WARN_UNUSED_FUNCTION = YES;
				GCC_WARN_UNUSED_VARIABLE = YES;
				IPHONEOS_DEPLOYMENT_TARGET = 10.0;
				MTL_ENABLE_DEBUG_INFO = YES;
				ONLY_ACTIVE_ARCH = YES;
				SDKROOT = iphoneos;
				SWIFT_ACTIVE_COMPILATION_CONDITIONS = DEBUG;
				SWIFT_OPTIMIZATION_LEVEL = "-Onone";
			};
			name = Debug;
		};
		B26E16901D8BA3E8001FE248 /* Release */ = {
			isa = XCBuildConfiguration;
			buildSettings = {
				ALWAYS_SEARCH_USER_PATHS = NO;
				CLANG_ANALYZER_NONNULL = YES;
				CLANG_CXX_LANGUAGE_STANDARD = "gnu++0x";
				CLANG_CXX_LIBRARY = "libc++";
				CLANG_ENABLE_MODULES = YES;
				CLANG_ENABLE_OBJC_ARC = YES;
				CLANG_WARN_BOOL_CONVERSION = YES;
				CLANG_WARN_CONSTANT_CONVERSION = YES;
				CLANG_WARN_DIRECT_OBJC_ISA_USAGE = YES_ERROR;
				CLANG_WARN_DOCUMENTATION_COMMENTS = YES;
				CLANG_WARN_EMPTY_BODY = YES;
				CLANG_WARN_ENUM_CONVERSION = YES;
				CLANG_WARN_INFINITE_RECURSION = YES;
				CLANG_WARN_INT_CONVERSION = YES;
				CLANG_WARN_OBJC_ROOT_CLASS = YES_ERROR;
				CLANG_WARN_SUSPICIOUS_MOVE = YES;
				CLANG_WARN_SUSPICIOUS_MOVES = YES;
				CLANG_WARN_UNREACHABLE_CODE = YES;
				CLANG_WARN__DUPLICATE_METHOD_MATCH = YES;
				"CODE_SIGN_IDENTITY[sdk=iphoneos*]" = "iPhone Developer";
				COPY_PHASE_STRIP = NO;
				DEBUG_INFORMATION_FORMAT = "dwarf-with-dsym";
				ENABLE_NS_ASSERTIONS = NO;
				ENABLE_STRICT_OBJC_MSGSEND = YES;
				GCC_C_LANGUAGE_STANDARD = gnu99;
				GCC_NO_COMMON_BLOCKS = YES;
				GCC_WARN_64_TO_32_BIT_CONVERSION = YES;
				GCC_WARN_ABOUT_RETURN_TYPE = YES_ERROR;
				GCC_WARN_UNDECLARED_SELECTOR = YES;
				GCC_WARN_UNINITIALIZED_AUTOS = YES_AGGRESSIVE;
				GCC_WARN_UNUSED_FUNCTION = YES;
				GCC_WARN_UNUSED_VARIABLE = YES;
				IPHONEOS_DEPLOYMENT_TARGET = 10.0;
				MTL_ENABLE_DEBUG_INFO = NO;
				SDKROOT = iphoneos;
				SWIFT_OPTIMIZATION_LEVEL = "-Owholemodule";
				VALIDATE_PRODUCT = YES;
			};
			name = Release;
		};
		B26E16921D8BA3E8001FE248 /* Debug */ = {
			isa = XCBuildConfiguration;
			buildSettings = {
				ASSETCATALOG_COMPILER_APPICON_NAME = AppIcon;
				CODE_SIGN_IDENTITY = "iPhone Developer";
				DEVELOPMENT_TEAM = CD75Y82V4U;
				INFOPLIST_FILE = "$(SRCROOT)/CFA/Info.plist";
				LD_RUNPATH_SEARCH_PATHS = "$(inherited) @executable_path/Frameworks";
				PRODUCT_BUNDLE_IDENTIFIER = Wiredcraft.CFA;
				PRODUCT_NAME = "$(TARGET_NAME)";
				SWIFT_VERSION = 3.0;
			};
			name = Debug;
		};
		B26E16931D8BA3E8001FE248 /* Release */ = {
			isa = XCBuildConfiguration;
			buildSettings = {
				ASSETCATALOG_COMPILER_APPICON_NAME = AppIcon;
				CODE_SIGN_IDENTITY = "iPhone Developer";
				DEVELOPMENT_TEAM = CD75Y82V4U;
				INFOPLIST_FILE = "$(SRCROOT)/CFA/Info.plist";
				LD_RUNPATH_SEARCH_PATHS = "$(inherited) @executable_path/Frameworks";
				PRODUCT_BUNDLE_IDENTIFIER = Wiredcraft.CFA;
				PRODUCT_NAME = "$(TARGET_NAME)";
				SWIFT_VERSION = 3.0;
			};
			name = Release;
		};
/* End XCBuildConfiguration section */

/* Begin XCConfigurationList section */
		B26E16621D8BA3E8001FE248 /* Build configuration list for PBXProject "CFA" */ = {
			isa = XCConfigurationList;
			buildConfigurations = (
				B26E168F1D8BA3E8001FE248 /* Debug */,
				B26E16901D8BA3E8001FE248 /* Release */,
			);
			defaultConfigurationIsVisible = 0;
			defaultConfigurationName = Release;
		};
		B26E16911D8BA3E8001FE248 /* Build configuration list for PBXNativeTarget "CFA" */ = {
			isa = XCConfigurationList;
			buildConfigurations = (
				B26E16921D8BA3E8001FE248 /* Debug */,
				B26E16931D8BA3E8001FE248 /* Release */,
			);
			defaultConfigurationIsVisible = 0;
			defaultConfigurationName = Release;
		};
/* End XCConfigurationList section */
	};
	rootObject = B26E165F1D8BA3E8001FE248 /* Project object */;
}
